Microsoft Visual Studio Solution File, Format Version 12.00
# Visual Studio Version 17
VisualStudioVersion = 17.6.33815.320
MinimumVisualStudioVersion = 10.0.40219.1
Project("{FAE04EC0-301F-11D3-BF4B-00C04F79EFBC}") = "SampleApp", "SampleApp\SampleApp.csproj", "{5C371A3A-DC98-46DD-8066-5EE229FB7595}"
EndProject
Project("{9A19103F-16F7-4668-BE54-9A1E7A4F7556}") = "ExampleApp", "ExampleApp\ExampleApp.csproj", "{CA4EAE93-9A2E-498C-90F7-CEF72AAD3B8F}"
EndProject
Project("{9A19103F-16F7-4668-BE54-9A1E7A4F7556}") = "DXS.ThemedUI", "DXS.ThemedUI\DXS.ThemedUI.csproj", "{729D5BC2-D07D-437F-BEBF-D21B7CB3C506}"
EndProject
Global
	GlobalSection(SolutionConfigurationPlatforms) = preSolution
		Debug|Any CPU = Debug|Any CPU
		Debug|iPhone = Debug|iPhone
		Debug|iPhoneSimulator = Debug|iPhoneSimulator
		Release|Any CPU = Release|Any CPU
		Release|iPhone = Release|iPhone
		Release|iPhoneSimulator = Release|iPhoneSimulator
	EndGlobalSection
	GlobalSection(ProjectConfigurationPlatforms) = postSolution
		{5C371A3A-DC98-46DD-8066-5EE229FB7595}.Debug|Any CPU.ActiveCfg = Debug|iPhoneSimulator
		{5C371A3A-DC98-46DD-8066-5EE229FB7595}.Debug|Any CPU.Build.0 = Debug|iPhoneSimulator
		{5C371A3A-DC98-46DD-8066-5EE229FB7595}.Debug|Any CPU.Deploy.0 = Debug|iPhoneSimulator
		{5C371A3A-DC98-46DD-8066-5EE229FB7595}.Debug|iPhone.ActiveCfg = Debug|iPhone
		{5C371A3A-DC98-46DD-8066-5EE229FB7595}.Debug|iPhone.Build.0 = Debug|iPhone
		{5C371A3A-DC98-46DD-8066-5EE229FB7595}.Debug|iPhoneSimulator.ActiveCfg = Debug|iPhoneSimulator
		{5C371A3A-DC98-46DD-8066-5EE229FB7595}.Debug|iPhoneSimulator.Build.0 = Debug|iPhoneSimulator
		{5C371A3A-DC98-46DD-8066-5EE229FB7595}.Release|Any CPU.ActiveCfg = Release|iPhoneSimulator
		{5C371A3A-DC98-46DD-8066-5EE229FB7595}.Release|Any CPU.Build.0 = Release|iPhoneSimulator
		{5C371A3A-DC98-46DD-8066-5EE229FB7595}.Release|Any CPU.Deploy.0 = Release|iPhoneSimulator
		{5C371A3A-DC98-46DD-8066-5EE229FB7595}.Release|iPhone.ActiveCfg = Release|iPhone
		{5C371A3A-DC98-46DD-8066-5EE229FB7595}.Release|iPhone.Build.0 = Release|iPhone
		{5C371A3A-DC98-46DD-8066-5EE229FB7595}.Release|iPhoneSimulator.ActiveCfg = Release|iPhoneSimulator
		{5C371A3A-DC98-46DD-8066-5EE229FB7595}.Release|iPhoneSimulator.Build.0 = Release|iPhoneSimulator
		{CA4EAE93-9A2E-498C-90F7-CEF72AAD3B8F}.Debug|Any CPU.ActiveCfg = Debug|Any CPU
		{CA4EAE93-9A2E-498C-90F7-CEF72AAD3B8F}.Debug|Any CPU.Build.0 = Debug|Any CPU
		{CA4EAE93-9A2E-498C-90F7-CEF72AAD3B8F}.Debug|Any CPU.Deploy.0 = Debug|Any CPU
		{CA4EAE93-9A2E-498C-90F7-CEF72AAD3B8F}.Debug|iPhone.ActiveCfg = Debug|Any CPU
		{CA4EAE93-9A2E-498C-90F7-CEF72AAD3B8F}.Debug|iPhone.Build.0 = Debug|Any CPU
		{CA4EAE93-9A2E-498C-90F7-CEF72AAD3B8F}.Debug|iPhone.Deploy.0 = Debug|Any CPU
		{CA4EAE93-9A2E-498C-90F7-CEF72AAD3B8F}.Debug|iPhoneSimulator.ActiveCfg = Debug|Any CPU
		{CA4EAE93-9A2E-498C-90F7-CEF72AAD3B8F}.Debug|iPhoneSimulator.Build.0 = Debug|Any CPU
		{CA4EAE93-9A2E-498C-90F7-CEF72AAD3B8F}.Debug|iPhoneSimulator.Deploy.0 = Debug|Any CPU
		{CA4EAE93-9A2E-498C-90F7-CEF72AAD3B8F}.Release|Any CPU.ActiveCfg = Release|Any CPU
		{CA4EAE93-9A2E-498C-90F7-CEF72AAD3B8F}.Release|Any CPU.Build.0 = Release|Any CPU
		{CA4EAE93-9A2E-498C-90F7-CEF72AAD3B8F}.Release|Any CPU.Deploy.0 = Release|Any CPU
		{CA4EAE93-9A2E-498C-90F7-CEF72AAD3B8F}.Release|iPhone.ActiveCfg = Release|Any CPU
		{CA4EAE93-9A2E-498C-90F7-CEF72AAD3B8F}.Release|iPhone.Build.0 = Release|Any CPU
		{CA4EAE93-9A2E-498C-90F7-CEF72AAD3B8F}.Release|iPhone.Deploy.0 = Release|Any CPU
		{CA4EAE93-9A2E-498C-90F7-CEF72AAD3B8F}.Release|iPhoneSimulator.ActiveCfg = Release|Any CPU
		{CA4EAE93-9A2E-498C-90F7-CEF72AAD3B8F}.Release|iPhoneSimulator.Build.0 = Release|Any CPU
		{CA4EAE93-9A2E-498C-90F7-CEF72AAD3B8F}.Release|iPhoneSimulator.Deploy.0 = Release|Any CPU
		{729D5BC2-D07D-437F-BEBF-D21B7CB3C506}.Debug|Any CPU.ActiveCfg = Debug|Any CPU
		{729D5BC2-D07D-437F-BEBF-D21B7CB3C506}.Debug|Any CPU.Build.0 = Debug|Any CPU
		{729D5BC2-D07D-437F-BEBF-D21B7CB3C506}.Debug|iPhone.ActiveCfg = Debug|Any CPU
		{729D5BC2-D07D-437F-BEBF-D21B7CB3C506}.Debug|iPhone.Build.0 = Debug|Any CPU
		{729D5BC2-D07D-437F-BEBF-D21B7CB3C506}.Debug|iPhoneSimulator.ActiveCfg = Debug|Any CPU
		{729D5BC2-D07D-437F-BEBF-D21B7CB3C506}.Debug|iPhoneSimulator.Build.0 = Debug|Any CPU
		{729D5BC2-D07D-437F-BEBF-D21B7CB3C506}.Release|Any CPU.ActiveCfg = Release|Any CPU
		{729D5BC2-D07D-437F-BEBF-D21B7CB3C506}.Release|Any CPU.Build.0 = Release|Any CPU
		{729D5BC2-D07D-437F-BEBF-D21B7CB3C506}.Release|iPhone.ActiveCfg = Release|Any CPU
		{729D5BC2-D07D-437F-BEBF-D21B7CB3C506}.Release|iPhone.Build.0 = Release|Any CPU
		{729D5BC2-D07D-437F-BEBF-D21B7CB3C506}.Release|iPhoneSimulator.ActiveCfg = Release|Any CPU
		{729D5BC2-D07D-437F-BEBF-D21B7CB3C506}.Release|iPhoneSimulator.Build.0 = Release|Any CPU
	EndGlobalSection
	GlobalSection(SolutionProperties) = preSolution
		HideSolutionNode = FALSE
	EndGlobalSection
	GlobalSection(ExtensibilityGlobals) = postSolution
		SolutionGuid = {C4CFD764-6C5C-4AE3-A29C-9E18CDC17A11}
	EndGlobalSection
EndGlobal
